
Microsoft Visual Studio Solution File, Format Version 12.00
# Visual Studio Version 17
VisualStudioVersion = 17.8.34408.163
MinimumVisualStudioVersion = 10.0.40219.1
Project("{FAE04EC0-301F-11D3-BF4B-00C04F79EFBC}") = "Logical_Operators_AdamIshak", "Logical_Operators_AdamIshak.csproj", "{341217CB-695C-4CF0-AA80-9EC224079900}"
EndProject
Global
	GlobalSection(SolutionConfigurationPlatforms) = preSolution
		Debug|Any CPU = Debug|Any CPU
		Release|Any CPU = Release|Any CPU
	EndGlobalSection
	GlobalSection(ProjectConfigurationPlatforms) = postSolution
		{341217CB-695C-4CF0-AA80-9EC224079900}.Debug|Any CPU.ActiveCfg = Debug|Any CPU
		{341217CB-695C-4CF0-AA80-9EC224079900}.Debug|Any CPU.Build.0 = Debug|Any CPU
		{341217CB-695C-4CF0-AA80-9EC224079900}.Release|Any CPU.ActiveCfg = Release|Any CPU
		{341217CB-695C-4CF0-AA80-9EC224079900}.Release|Any CPU.Build.0 = Release|Any CPU
	EndGlobalSection
	GlobalSection(SolutionProperties) = preSolution
		HideSolutionNode = FALSE
	EndGlobalSection
	GlobalSection(ExtensibilityGlobals) = postSolution
		SolutionGuid = {B7C2B169-997E-417F-A57C-4F5AF98CA594}
	EndGlobalSection
EndGlobal
